
Microsoft Visual Studio Solution File, Format Version 12.00
# Visual Studio Version 16
VisualStudioVersion = 16.0.30611.23
MinimumVisualStudioVersion = 10.0.40219.1
Project("{FAE04EC0-301F-11D3-BF4B-00C04F79EFBC}") = "Struct_Number_Amount", "Struct_Number_Amount\Struct_Number_Amount.csproj", "{A72DBD75-55D0-4DE0-A28C-80DBB92EBCB4}"
EndProject
Global
	GlobalSection(SolutionConfigurationPlatforms) = preSolution
		Debug|Any CPU = Debug|Any CPU
		Release|Any CPU = Release|Any CPU
	EndGlobalSection
	GlobalSection(ProjectConfigurationPlatforms) = postSolution
		{A72DBD75-55D0-4DE0-A28C-80DBB92EBCB4}.Debug|Any CPU.ActiveCfg = Debug|Any CPU
		{A72DBD75-55D0-4DE0-A28C-80DBB92EBCB4}.Debug|Any CPU.Build.0 = Debug|Any CPU
		{A72DBD75-55D0-4DE0-A28C-80DBB92EBCB4}.Release|Any CPU.ActiveCfg = Release|Any CPU
		{A72DBD75-55D0-4DE0-A28C-80DBB92EBCB4}.Release|Any CPU.Build.0 = Release|Any CPU
	EndGlobalSection
	GlobalSection(SolutionProperties) = preSolution
		HideSolutionNode = FALSE
	EndGlobalSection
	GlobalSection(ExtensibilityGlobals) = postSolution
		SolutionGuid = {7DBD236C-FA54-4AEC-B142-92F0B96ECC26}
	EndGlobalSection
EndGlobal
